<?xml version="1.0" encoding="utf-8"?>
<Project ToolsVersion="4.0" xmlns="http://schemas.microsoft.com/developer/msbuild/2003">
  <ItemGroup>
    <Filter Include="Form Files">
      <UniqueIdentifier>{99349809-55BA-4b9d-BF79-8FDBB0286EB3}</UniqueIdentifier>
      <Extensions>ui</Extensions>
      <ParseFiles>false</ParseFiles>
    </Filter>
    <Filter Include="Form Files">
      <UniqueIdentifier>{99349809-55BA-4b9d-BF79-8FDBB0286EB3}</UniqueIdentifier>
      <Extensions>ui</Extensions>
      <ParseFiles>false</ParseFiles>
    </Filter>
    <Filter Include="Generated Files">
      <UniqueIdentifier>{71ED8ED8-ACB9-4CE9-BBE1-E00B30144E11}</UniqueIdentifier>
      <Extensions>cpp;c;cxx;moc;h;def;odl;idl;res;</Extensions>
    </Filter>
    <Filter Include="Generated Files">
      <UniqueIdentifier>{71ED8ED8-ACB9-4CE9-BBE1-E00B30144E11}</UniqueIdentifier>
      <Extensions>cpp;c;cxx;moc;h;def;odl;idl;res;</Extensions>
    </Filter>
    <Filter Include="Header Files">
      <UniqueIdentifier>{93995380-89BD-4b04-88EB-625FBE52EBFB}</UniqueIdentifier>
      <Extensions>h;hpp;hxx;hm;inl;inc;xsd</Extensions>
    </Filter>
    <Filter Include="Header Files">
      <UniqueIdentifier>{93995380-89BD-4b04-88EB-625FBE52EBFB}</UniqueIdentifier>
      <Extensions>h;hpp;hxx;hm;inl;inc;xsd</Extensions>
    </Filter>
    <Filter Include="Resource Files">
      <UniqueIdentifier>{D9D6E242-F8AF-46E4-B9FD-80ECBC20BA3E}</UniqueIdentifier>
      <Extensions>qrc;*</Extensions>
      <ParseFiles>false</ParseFiles>
    </Filter>
    <Filter Include="Resource Files">
      <UniqueIdentifier>{D9D6E242-F8AF-46E4-B9FD-80ECBC20BA3E}</UniqueIdentifier>
      <Extensions>qrc;*</Extensions>
      <ParseFiles>false</ParseFiles>
    </Filter>
    <Filter Include="Source Files">
      <UniqueIdentifier>{4FC737F1-C7A5-4376-A066-2A32D752A2FF}</UniqueIdentifier>
      <Extensions>cpp;c;cxx;def;odl;idl;hpj;bat;asm;asmx</Extensions>
    </Filter>
    <Filter Include="Source Files">
      <UniqueIdentifier>{4FC737F1-C7A5-4376-A066-2A32D752A2FF}</UniqueIdentifier>
      <Extensions>cpp;c;cxx;def;odl;idl;hpj;bat;asm;asmx</Extensions>
    </Filter>
  </ItemGroup>
  <ItemGroup>
    <ClCompile Include="source\downserve\armmanage.cpp">
      <Filter>Source Files</Filter>
    </ClCompile>
    <ClCompile Include="source\servodebug\Graph\boundcursoritem.cpp">
      <Filter>Source Files</Filter>
    </ClCompile>
    <ClCompile Include="source\servodebug\Graph\bubbleitem.cpp">
      <Filter>Source Files</Filter>
    </ClCompile>
    <ClCompile Include="source\insanalysis\commandanalysis.cpp">
      <Filter>Source Files</Filter>
    </ClCompile>
    <ClCompile Include="source\servodebug\Graph\graphitem.cpp">
      <Filter>Source Files</Filter>
    </ClCompile>
    <ClCompile Include="source\servodebug\Graph\graphscene.cpp">
      <Filter>Source Files</Filter>
    </ClCompile>
    <ClCompile Include="source\keyframewidget\keyframewidget.cpp">
      <Filter>Source Files</Filter>
    </ClCompile>
    <ClCompile Include="source\servodebug\Graph\keypointitem.cpp">
      <Filter>Source Files</Filter>
    </ClCompile>
    <ClCompile Include="source\logdebug\logdebug.cpp">
      <Filter>Source Files</Filter>
    </ClCompile>
    <ClCompile Include="main.cpp">
      <Filter>Source Files</Filter>
    </ClCompile>
    <ClCompile Include="mainwindow.cpp">
      <Filter>Source Files</Filter>
    </ClCompile>
    <ClCompile Include="source\servodebug\SplineSample\myspline.cpp">
      <Filter>Source Files</Filter>
    </ClCompile>
    <ClCompile Include="source\communicate\network\networkdialog.cpp">
      <Filter>Source Files</Filter>
    </ClCompile>
    <ClCompile Include="source\communicate\serialcom\qextserialbase.cpp">
      <Filter>Source Files</Filter>
    </ClCompile>
    <ClCompile Include="source\communicate\serialcom\qextserialport.cpp">
      <Filter>Source Files</Filter>
    </ClCompile>
    <ClCompile Include="source\communicate\receivedata\receivedata.cpp">
      <Filter>Source Files</Filter>
    </ClCompile>
    <ClCompile Include="source\communicate\serialcom\serialdialog.cpp">
      <Filter>Source Files</Filter>
    </ClCompile>
    <ClCompile Include="source\servodebug\serverdebug.cpp">
      <Filter>Source Files</Filter>
    </ClCompile>
    <ClCompile Include="source\settings\settingdialog.cpp">
      <Filter>Source Files</Filter>
    </ClCompile>
    <ClCompile Include="source\keyframewidget\spinboxdelegate.cpp">
      <Filter>Source Files</Filter>
    </ClCompile>
    <ClCompile Include="source\servodebug\SplineSample\spline.cpp">
      <Filter>Source Files</Filter>
    </ClCompile>
    <ClCompile Include="source\communicate\serialcom\win_qextserialport.cpp">
      <Filter>Source Files</Filter>
    </ClCompile>
  </ItemGroup>
  <ItemGroup>
    <CustomBuild Include="source\downserve\armmanage.h">
      <Filter>Header Files</Filter>
    </CustomBuild>
    <ClInclude Include="source\servodebug\Graph\boundcursoritem.h">
      <Filter>Header Files</Filter>
    </ClInclude>
    <ClInclude Include="source\servodebug\Graph\bubbleitem.h">
      <Filter>Header Files</Filter>
    </ClInclude>
    <CustomBuild Include="source\insanalysis\commandanalysis.h">
      <Filter>Header Files</Filter>
    </CustomBuild>
    <ClInclude Include="source\insanalysis\communicateDefine.h">
      <Filter>Header Files</Filter>
    </ClInclude>
    <ClInclude Include="source\servodebug\Graph\graphitem.h">
      <Filter>Header Files</Filter>
    </ClInclude>
    <CustomBuild Include="source\servodebug\Graph\graphscene.h">
      <Filter>Header Files</Filter>
    </CustomBuild>
    <CustomBuild Include="source\keyframewidget\keyframewidget.h">
      <Filter>Header Files</Filter>
    </CustomBuild>
    <ClInclude Include="source\servodebug\Graph\keypointitem.h">
      <Filter>Header Files</Filter>
    </ClInclude>
    <CustomBuild Include="source\logdebug\logdebug.h">
      <Filter>Header Files</Filter>
    </CustomBuild>
    <ClInclude Include="source\globaldefine\mainStructure.h">
      <Filter>Header Files</Filter>
    </ClInclude>
    <CustomBuild Include="mainwindow.h">
      <Filter>Header Files</Filter>
    </CustomBuild>
    <ClInclude Include="source\servodebug\SplineSample\myspline.h">
      <Filter>Header Files</Filter>
    </ClInclude>
    <CustomBuild Include="source\communicate\network\networkdialog.h">
      <Filter>Header Files</Filter>
    </CustomBuild>
    <CustomBuild Include="source\communicate\serialcom\qextserialbase.h">
      <Filter>Header Files</Filter>
    </CustomBuild>
    <CustomBuild Include="source\communicate\serialcom\qextserialport.h">
      <Filter>Header Files</Filter>
    </CustomBuild>
    <CustomBuild Include="source\communicate\receivedata\receivedata.h">
      <Filter>Header Files</Filter>
    </CustomBuild>
    <CustomBuild Include="source\communicate\serialcom\serialdialog.h">
      <Filter>Header Files</Filter>
    </CustomBuild>
    <CustomBuild Include="source\servodebug\serverdebug.h">
      <Filter>Header Files</Filter>
    </CustomBuild>
    <CustomBuild Include="source\settings\settingdialog.h">
      <Filter>Header Files</Filter>
    </CustomBuild>
    <CustomBuild Include="source\keyframewidget\spinboxdelegate.h">
      <Filter>Header Files</Filter>
    </CustomBuild>
    <ClInclude Include="source\servodebug\SplineSample\spline.h">
      <Filter>Header Files</Filter>
    </ClInclude>
    <ClInclude Include="source\globaldefine\upDefine.h">
      <Filter>Header Files</Filter>
    </ClInclude>
    <CustomBuild Include="source\communicate\serialcom\win_qextserialport.h">
      <Filter>Header Files</Filter>
    </CustomBuild>
  </ItemGroup>
  <ItemGroup>
    <ClCompile Include="debug\moc_armmanage.cpp">
      <Filter>Generated Files</Filter>
    </ClCompile>
    <ClCompile Include="release\moc_armmanage.cpp">
      <Filter>Generated Files</Filter>
    </ClCompile>
    <ClCompile Include="debug\moc_commandanalysis.cpp">
      <Filter>Generated Files</Filter>
    </ClCompile>
    <ClCompile Include="release\moc_commandanalysis.cpp">
      <Filter>Generated Files</Filter>
    </ClCompile>
    <ClCompile Include="debug\moc_graphscene.cpp">
      <Filter>Generated Files</Filter>
    </ClCompile>
    <ClCompile Include="release\moc_graphscene.cpp">
      <Filter>Generated Files</Filter>
    </ClCompile>
    <ClCompile Include="debug\moc_keyframewidget.cpp">
      <Filter>Generated Files</Filter>
    </ClCompile>
    <ClCompile Include="release\moc_keyframewidget.cpp">
      <Filter>Generated Files</Filter>
    </ClCompile>
    <ClCompile Include="debug\moc_logdebug.cpp">
      <Filter>Generated Files</Filter>
    </ClCompile>
    <ClCompile Include="release\moc_logdebug.cpp">
      <Filter>Generated Files</Filter>
    </ClCompile>
    <ClCompile Include="debug\moc_mainwindow.cpp">
      <Filter>Generated Files</Filter>
    </ClCompile>
    <ClCompile Include="release\moc_mainwindow.cpp">
      <Filter>Generated Files</Filter>
    </ClCompile>
    <ClCompile Include="debug\moc_networkdialog.cpp">
      <Filter>Generated Files</Filter>
    </ClCompile>
    <ClCompile Include="release\moc_networkdialog.cpp">
      <Filter>Generated Files</Filter>
    </ClCompile>
    <ClCompile Include="debug\moc_qextserialbase.cpp">
      <Filter>Generated Files</Filter>
    </ClCompile>
    <ClCompile Include="release\moc_qextserialbase.cpp">
      <Filter>Generated Files</Filter>
    </ClCompile>
    <ClCompile Include="debug\moc_qextserialport.cpp">
      <Filter>Generated Files</Filter>
    </ClCompile>
    <ClCompile Include="release\moc_qextserialport.cpp">
      <Filter>Generated Files</Filter>
    </ClCompile>
    <ClCompile Include="debug\moc_receivedata.cpp">
      <Filter>Generated Files</Filter>
    </ClCompile>
    <ClCompile Include="release\moc_receivedata.cpp">
      <Filter>Generated Files</Filter>
    </ClCompile>
    <ClCompile Include="debug\moc_serialdialog.cpp">
      <Filter>Generated Files</Filter>
    </ClCompile>
    <ClCompile Include="release\moc_serialdialog.cpp">
      <Filter>Generated Files</Filter>
    </ClCompile>
    <ClCompile Include="debug\moc_serverdebug.cpp">
      <Filter>Generated Files</Filter>
    </ClCompile>
    <ClCompile Include="release\moc_serverdebug.cpp">
      <Filter>Generated Files</Filter>
    </ClCompile>
    <ClCompile Include="debug\moc_settingdialog.cpp">
      <Filter>Generated Files</Filter>
    </ClCompile>
    <ClCompile Include="release\moc_settingdialog.cpp">
      <Filter>Generated Files</Filter>
    </ClCompile>
    <ClCompile Include="debug\moc_spinboxdelegate.cpp">
      <Filter>Generated Files</Filter>
    </ClCompile>
    <ClCompile Include="release\moc_spinboxdelegate.cpp">
      <Filter>Generated Files</Filter>
    </ClCompile>
    <ClCompile Include="debug\moc_win_qextserialport.cpp">
      <Filter>Generated Files</Filter>
    </ClCompile>
    <ClCompile Include="release\moc_win_qextserialport.cpp">
      <Filter>Generated Files</Filter>
    </ClCompile>
    <ClCompile Include="debug\qrc_MainWindowImage.cpp">
      <Filter>Generated Files</Filter>
    </ClCompile>
    <ClCompile Include="release\qrc_MainWindowImage.cpp">
      <Filter>Generated Files</Filter>
    </ClCompile>
    <ClCompile Include="debug\qrc_documentImage.cpp">
      <Filter>Generated Files</Filter>
    </ClCompile>
    <ClCompile Include="release\qrc_documentImage.cpp">
      <Filter>Generated Files</Filter>
    </ClCompile>
    <ClInclude Include="ui_analogdata.h">
      <Filter>Generated Files</Filter>
    </ClInclude>
    <ClInclude Include="ui_armmanage.h">
      <Filter>Generated Files</Filter>
    </ClInclude>
    <ClInclude Include="ui_keyframewidget.h">
      <Filter>Generated Files</Filter>
    </ClInclude>
    <ClInclude Include="ui_logdebug.h">
      <Filter>Generated Files</Filter>
    </ClInclude>
    <ClInclude Include="ui_mainwindow.h">
      <Filter>Generated Files</Filter>
    </ClInclude>
    <ClInclude Include="ui_networkdialog.h">
      <Filter>Generated Files</Filter>
    </ClInclude>
    <ClInclude Include="ui_serialdialog.h">
      <Filter>Generated Files</Filter>
    </ClInclude>
    <ClInclude Include="ui_serverdebug.h">
      <Filter>Generated Files</Filter>
    </ClInclude>
    <ClInclude Include="ui_settingdialog.h">
      <Filter>Generated Files</Filter>
    </ClInclude>
  </ItemGroup>
  <ItemGroup>
    <CustomBuild Include="source\servodebug\analogdata.ui">
      <Filter>Form Files</Filter>
    </CustomBuild>
    <CustomBuild Include="source\downserve\armmanage.ui">
      <Filter>Form Files</Filter>
    </CustomBuild>
    <CustomBuild Include="source\keyframewidget\keyframewidget.ui">
      <Filter>Form Files</Filter>
    </CustomBuild>
    <CustomBuild Include="source\logdebug\logdebug.ui">
      <Filter>Form Files</Filter>
    </CustomBuild>
    <CustomBuild Include="mainwindow.ui">
      <Filter>Form Files</Filter>
    </CustomBuild>
    <CustomBuild Include="source\communicate\network\networkdialog.ui">
      <Filter>Form Files</Filter>
    </CustomBuild>
    <CustomBuild Include="source\communicate\serialcom\serialdialog.ui">
      <Filter>Form Files</Filter>
    </CustomBuild>
    <CustomBuild Include="source\servodebug\serverdebug.ui">
      <Filter>Form Files</Filter>
    </CustomBuild>
    <CustomBuild Include="source\settings\settingdialog.ui">
      <Filter>Form Files</Filter>
    </CustomBuild>
  </ItemGroup>
  <ItemGroup>
    <CustomBuild Include="MainWindowImage.qrc">
      <Filter>Resource Files</Filter>
    </CustomBuild>
    <None Include="MDI-Image\copy.png">
      <Filter>Resource Files</Filter>
    </None>
    <None Include="MDI-Image\cut.png">
      <Filter>Resource Files</Filter>
    </None>
    <CustomBuild Include="documentImage.qrc">
      <Filter>Resource Files</Filter>
    </CustomBuild>
    <None Include="MDI-Image\down.png">
      <Filter>Resource Files</Filter>
    </None>
    <None Include="MainOperator-Image\downArm.ico">
      <Filter>Resource Files</Filter>
    </None>
    <None Include="MDI-Image\downward.png">
      <Filter>Resource Files</Filter>
    </None>
    <None Include="MainOperator-Image\downward.png">
      <Filter>Resource Files</Filter>
    </None>
    <None Include="MainOperator-Image\exit.ico">
      <Filter>Resource Files</Filter>
    </None>
    <None Include="MainOperator-Image\green.jpg">
      <Filter>Resource Files</Filter>
    </None>
    <None Include="MainOperator-Image\gyration.jpg">
      <Filter>Resource Files</Filter>
    </None>
    <None Include="MDI-Image\left.png">
      <Filter>Resource Files</Filter>
    </None>
    <None Include="MainOperator-Image\left.png">
      <Filter>Resource Files</Filter>
    </None>
    <None Include="MDI-Image\leftward.png">
      <Filter>Resource Files</Filter>
    </None>
    <None Include="MainOperator-Image\leftward.png">
      <Filter>Resource Files</Filter>
    </None>
    <None Include="MainOperator-Image\log.ico">
      <Filter>Resource Files</Filter>
    </None>
    <None Include="MainOperator-Image\network.ico">
      <Filter>Resource Files</Filter>
    </None>
    <None Include="MDI-Image\new.png">
      <Filter>Resource Files</Filter>
    </None>
    <None Include="MainOperator-Image\new.png">
      <Filter>Resource Files</Filter>
    </None>
    <None Include="MDI-Image\open.png">
      <Filter>Resource Files</Filter>
    </None>
    <None Include="MDI-Image\paste.png">
      <Filter>Resource Files</Filter>
    </None>
    <None Include="MainOperator-Image\red.jpg">
      <Filter>Resource Files</Filter>
    </None>
    <None Include="MDI-Image\right.png">
      <Filter>Resource Files</Filter>
    </None>
    <None Include="MainOperator-Image\right.png">
      <Filter>Resource Files</Filter>
    </None>
    <None Include="MDI-Image\rightward.png">
      <Filter>Resource Files</Filter>
    </None>
    <None Include="MainOperator-Image\rightward.png">
      <Filter>Resource Files</Filter>
    </None>
    <None Include="MainOperator-Image\robot.ico">
      <Filter>Resource Files</Filter>
    </None>
    <None Include="MDI-Image\save.png">
      <Filter>Resource Files</Filter>
    </None>
    <None Include="MDI-Image\saveas.png">
      <Filter>Resource Files</Filter>
    </None>
    <None Include="MainOperator-Image\serialCom.ico">
      <Filter>Resource Files</Filter>
    </None>
    <None Include="MainOperator-Image\servo.ico">
      <Filter>Resource Files</Filter>
    </None>
    <None Include="MainOperator-Image\setting.png">
      <Filter>Resource Files</Filter>
    </None>
    <None Include="MDI-Image\up.png">
      <Filter>Resource Files</Filter>
    </None>
    <None Include="MainOperator-Image\up.png">
      <Filter>Resource Files</Filter>
    </None>
    <None Include="MDI-Image\upward.png">
      <Filter>Resource Files</Filter>
    </None>
    <None Include="MainOperator-Image\upward.png">
      <Filter>Resource Files</Filter>
    </None>
    <None Include="MainOperator-Image\down.png">
      <Filter>Resource Files</Filter>
    </None>
  </ItemGroup>
</Project>